// !$*UTF8*$!
{
	archiveVersion = 1;
	classes = {
	};
	objectVersion = 46;
	objects = {

/* Begin PBXBuildFile section */
		7A2A79241758C02E0017F7E0 /* SXScanner.h in Headers */ = {isa = PBXBuildFile; fileRef = 7A2A79221758C02E0017F7E0 /* SXScanner.h */; settings = {ATTRIBUTES = (Public, ); }; };
		7A2A79251758C02E0017F7E0 /* SXScanner.m in Sources */ = {isa = PBXBuildFile; fileRef = 7A2A79231758C02E0017F7E0 /* SXScanner.m */; };
		7A2A79281758C0680017F7E0 /* SXEvaluation.h in Headers */ = {isa = PBXBuildFile; fileRef = 7A2A79261758C0680017F7E0 /* SXEvaluation.h */; settings = {ATTRIBUTES = (Public, ); }; };
		7A2A79291758C0680017F7E0 /* SXEvaluation.m in Sources */ = {isa = PBXBuildFile; fileRef = 7A2A79271758C0680017F7E0 /* SXEvaluation.m */; };
		7A2A792C1758C0780017F7E0 /* SXMetric.h in Headers */ = {isa = PBXBuildFile; fileRef = 7A2A792A1758C0780017F7E0 /* SXMetric.h */; settings = {ATTRIBUTES = (Public, ); }; };
		7A2A792D1758C0780017F7E0 /* SXMetric.m in Sources */ = {isa = PBXBuildFile; fileRef = 7A2A792B1758C0780017F7E0 /* SXMetric.m */; };
		7A2A79611758EB760017F7E0 /* _DDFunctionContainer.h in Headers */ = {isa = PBXBuildFile; fileRef = 7A2A79341758EB760017F7E0 /* _DDFunctionContainer.h */; settings = {ATTRIBUTES = (Public, ); }; };
		7A2A79621758EB760017F7E0 /* _DDFunctionContainer.m in Sources */ = {isa = PBXBuildFile; fileRef = 7A2A79351758EB760017F7E0 /* _DDFunctionContainer.m */; };
		7A2A79631758EB760017F7E0 /* _DDFunctionExpression.h in Headers */ = {isa = PBXBuildFile; fileRef = 7A2A79361758EB760017F7E0 /* _DDFunctionExpression.h */; settings = {ATTRIBUTES = (Public, ); }; };
		7A2A79641758EB760017F7E0 /* _DDFunctionExpression.m in Sources */ = {isa = PBXBuildFile; fileRef = 7A2A79371758EB760017F7E0 /* _DDFunctionExpression.m */; };
		7A2A79651758EB760017F7E0 /* _DDFunctionTerm.h in Headers */ = {isa = PBXBuildFile; fileRef = 7A2A79381758EB760017F7E0 /* _DDFunctionTerm.h */; settings = {ATTRIBUTES = (Public, ); }; };
		7A2A79661758EB760017F7E0 /* _DDFunctionTerm.m in Sources */ = {isa = PBXBuildFile; fileRef = 7A2A79391758EB760017F7E0 /* _DDFunctionTerm.m */; };
		7A2A79671758EB760017F7E0 /* _DDFunctionUtilities.h in Headers */ = {isa = PBXBuildFile; fileRef = 7A2A793A1758EB760017F7E0 /* _DDFunctionUtilities.h */; settings = {ATTRIBUTES = (Public, ); }; };
		7A2A79681758EB760017F7E0 /* _DDFunctionUtilities.m in Sources */ = {isa = PBXBuildFile; fileRef = 7A2A793B1758EB760017F7E0 /* _DDFunctionUtilities.m */; };
		7A2A79691758EB760017F7E0 /* _DDGroupTerm.h in Headers */ = {isa = PBXBuildFile; fileRef = 7A2A793C1758EB760017F7E0 /* _DDGroupTerm.h */; settings = {ATTRIBUTES = (Public, ); }; };
		7A2A796A1758EB760017F7E0 /* _DDGroupTerm.m in Sources */ = {isa = PBXBuildFile; fileRef = 7A2A793D1758EB760017F7E0 /* _DDGroupTerm.m */; };
		7A2A796B1758EB760017F7E0 /* _DDNumberExpression.h in Headers */ = {isa = PBXBuildFile; fileRef = 7A2A793E1758EB760017F7E0 /* _DDNumberExpression.h */; settings = {ATTRIBUTES = (Public, ); }; };
		7A2A796C1758EB760017F7E0 /* _DDNumberExpression.m in Sources */ = {isa = PBXBuildFile; fileRef = 7A2A793F1758EB760017F7E0 /* _DDNumberExpression.m */; };
		7A2A796D1758EB760017F7E0 /* _DDNumberTerm.h in Headers */ = {isa = PBXBuildFile; fileRef = 7A2A79401758EB760017F7E0 /* _DDNumberTerm.h */; settings = {ATTRIBUTES = (Public, ); }; };
		7A2A796E1758EB760017F7E0 /* _DDNumberTerm.m in Sources */ = {isa = PBXBuildFile; fileRef = 7A2A79411758EB760017F7E0 /* _DDNumberTerm.m */; };
		7A2A796F1758EB760017F7E0 /* _DDOperatorInfo.h in Headers */ = {isa = PBXBuildFile; fileRef = 7A2A79421758EB760017F7E0 /* _DDOperatorInfo.h */; settings = {ATTRIBUTES = (Public, ); }; };
		7A2A79701758EB760017F7E0 /* _DDOperatorInfo.m in Sources */ = {isa = PBXBuildFile; fileRef = 7A2A79431758EB760017F7E0 /* _DDOperatorInfo.m */; };
		7A2A79711758EB760017F7E0 /* _DDOperatorTerm.h in Headers */ = {isa = PBXBuildFile; fileRef = 7A2A79441758EB760017F7E0 /* _DDOperatorTerm.h */; settings = {ATTRIBUTES = (Public, ); }; };
		7A2A79721758EB760017F7E0 /* _DDOperatorTerm.m in Sources */ = {isa = PBXBuildFile; fileRef = 7A2A79451758EB760017F7E0 /* _DDOperatorTerm.m */; };
		7A2A79731758EB760017F7E0 /* _DDParserTerm.h in Headers */ = {isa = PBXBuildFile; fileRef = 7A2A79461758EB760017F7E0 /* _DDParserTerm.h */; settings = {ATTRIBUTES = (Public, ); }; };
		7A2A79741758EB760017F7E0 /* _DDParserTerm.m in Sources */ = {isa = PBXBuildFile; fileRef = 7A2A79471758EB760017F7E0 /* _DDParserTerm.m */; };
		7A2A79751758EB760017F7E0 /* _DDRewriteRule.h in Headers */ = {isa = PBXBuildFile; fileRef = 7A2A79481758EB760017F7E0 /* _DDRewriteRule.h */; settings = {ATTRIBUTES = (Public, ); }; };
		7A2A79761758EB760017F7E0 /* _DDRewriteRule.m in Sources */ = {isa = PBXBuildFile; fileRef = 7A2A79491758EB760017F7E0 /* _DDRewriteRule.m */; };
		7A2A79771758EB760017F7E0 /* _DDVariableExpression.h in Headers */ = {isa = PBXBuildFile; fileRef = 7A2A794A1758EB760017F7E0 /* _DDVariableExpression.h */; settings = {ATTRIBUTES = (Public, ); }; };
		7A2A79781758EB760017F7E0 /* _DDVariableExpression.m in Sources */ = {isa = PBXBuildFile; fileRef = 7A2A794B1758EB760017F7E0 /* _DDVariableExpression.m */; };
		7A2A79791758EB760017F7E0 /* _DDVariableTerm.h in Headers */ = {isa = PBXBuildFile; fileRef = 7A2A794C1758EB760017F7E0 /* _DDVariableTerm.h */; settings = {ATTRIBUTES = (Public, ); }; };
		7A2A797A1758EB760017F7E0 /* _DDVariableTerm.m in Sources */ = {isa = PBXBuildFile; fileRef = 7A2A794D1758EB760017F7E0 /* _DDVariableTerm.m */; };
		7A2A797B1758EB760017F7E0 /* DDExpression.h in Headers */ = {isa = PBXBuildFile; fileRef = 7A2A794E1758EB760017F7E0 /* DDExpression.h */; settings = {ATTRIBUTES = (Public, ); }; };
		7A2A797C1758EB760017F7E0 /* DDExpression.m in Sources */ = {isa = PBXBuildFile; fileRef = 7A2A794F1758EB760017F7E0 /* DDExpression.m */; };
		7A2A797D1758EB760017F7E0 /* DDMathEvaluator+Private.h in Headers */ = {isa = PBXBuildFile; fileRef = 7A2A79501758EB760017F7E0 /* DDMathEvaluator+Private.h */; settings = {ATTRIBUTES = (Public, ); }; };
		7A2A797E1758EB760017F7E0 /* DDMathEvaluator.h in Headers */ = {isa = PBXBuildFile; fileRef = 7A2A79511758EB760017F7E0 /* DDMathEvaluator.h */; settings = {ATTRIBUTES = (Public, ); }; };
		7A2A797F1758EB760017F7E0 /* DDMathEvaluator.m in Sources */ = {isa = PBXBuildFile; fileRef = 7A2A79521758EB760017F7E0 /* DDMathEvaluator.m */; };
		7A2A79801758EB760017F7E0 /* DDMathParser.h in Headers */ = {isa = PBXBuildFile; fileRef = 7A2A79531758EB760017F7E0 /* DDMathParser.h */; settings = {ATTRIBUTES = (Public, ); }; };
		7A2A79811758EB760017F7E0 /* DDMathParserMacros.h in Headers */ = {isa = PBXBuildFile; fileRef = 7A2A79541758EB760017F7E0 /* DDMathParserMacros.h */; settings = {ATTRIBUTES = (Public, ); }; };
		7A2A79821758EB760017F7E0 /* DDMathStringToken.h in Headers */ = {isa = PBXBuildFile; fileRef = 7A2A79551758EB760017F7E0 /* DDMathStringToken.h */; settings = {ATTRIBUTES = (Public, ); }; };
		7A2A79831758EB760017F7E0 /* DDMathStringToken.m in Sources */ = {isa = PBXBuildFile; fileRef = 7A2A79561758EB760017F7E0 /* DDMathStringToken.m */; };
		7A2A79841758EB760017F7E0 /* DDMathStringTokenizer.h in Headers */ = {isa = PBXBuildFile; fileRef = 7A2A79571758EB760017F7E0 /* DDMathStringTokenizer.h */; settings = {ATTRIBUTES = (Public, ); }; };
		7A2A79851758EB760017F7E0 /* DDMathStringTokenizer.m in Sources */ = {isa = PBXBuildFile; fileRef = 7A2A79581758EB760017F7E0 /* DDMathStringTokenizer.m */; };
		7A2A79861758EB760017F7E0 /* DDParser.h in Headers */ = {isa = PBXBuildFile; fileRef = 7A2A79591758EB760017F7E0 /* DDParser.h */; settings = {ATTRIBUTES = (Public, ); }; };
		7A2A79871758EB760017F7E0 /* DDParser.m in Sources */ = {isa = PBXBuildFile; fileRef = 7A2A795A1758EB760017F7E0 /* DDParser.m */; };
		7A2A79881758EB760017F7E0 /* DDParserTypes.h in Headers */ = {isa = PBXBuildFile; fileRef = 7A2A795B1758EB760017F7E0 /* DDParserTypes.h */; settings = {ATTRIBUTES = (Public, ); }; };
		7A2A79891758EB760017F7E0 /* DDParserTypes.m in Sources */ = {isa = PBXBuildFile; fileRef = 7A2A795C1758EB760017F7E0 /* DDParserTypes.m */; };
		7A2A798A1758EB760017F7E0 /* DDTypes.h in Headers */ = {isa = PBXBuildFile; fileRef = 7A2A795D1758EB760017F7E0 /* DDTypes.h */; settings = {ATTRIBUTES = (Public, ); }; };
		7A2A798B1758EB760017F7E0 /* DDTypes.m in Sources */ = {isa = PBXBuildFile; fileRef = 7A2A795E1758EB760017F7E0 /* DDTypes.m */; };
		7A2A798C1758EB760017F7E0 /* NSString+DDMathParsing.h in Headers */ = {isa = PBXBuildFile; fileRef = 7A2A795F1758EB760017F7E0 /* NSString+DDMathParsing.h */; settings = {ATTRIBUTES = (Public, ); }; };
		7A2A798D1758EB760017F7E0 /* NSString+DDMathParsing.m in Sources */ = {isa = PBXBuildFile; fileRef = 7A2A79601758EB760017F7E0 /* NSString+DDMathParsing.m */; };
		7A6583D6176F3112005C45BD /* SXModule.h in Headers */ = {isa = PBXBuildFile; fileRef = 7A2A792E1758C3E50017F7E0 /* SXModule.h */; settings = {ATTRIBUTES = (Public, ); }; };
		7A6583D8176F3137005C45BD /* SXScannerDelegate.h in Headers */ = {isa = PBXBuildFile; fileRef = 7A2A3791175F4EC900B6C814 /* SXScannerDelegate.h */; settings = {ATTRIBUTES = (Public, ); }; };
		7A6583D9176F3150005C45BD /* SXEvaluationDelegate.h in Headers */ = {isa = PBXBuildFile; fileRef = 7A33B83D176A010800ED82DB /* SXEvaluationDelegate.h */; settings = {ATTRIBUTES = (Public, ); }; };
		7A6583DA176F3156005C45BD /* SXModuleDelegate.h in Headers */ = {isa = PBXBuildFile; fileRef = 7A2A378F175F4E9400B6C814 /* SXModuleDelegate.h */; settings = {ATTRIBUTES = (Public, ); }; };
		7A9EE51616E76194004770AA /* Cocoa.framework in Frameworks */ = {isa = PBXBuildFile; fileRef = 7A9EE51516E76194004770AA /* Cocoa.framework */; };
		7A9EE52016E76194004770AA /* InfoPlist.strings in Resources */ = {isa = PBXBuildFile; fileRef = 7A9EE51E16E76194004770AA /* InfoPlist.strings */; };
/* End PBXBuildFile section */

/* Begin PBXFileReference section */
		7A2A378F175F4E9400B6C814 /* SXModuleDelegate.h */ = {isa = PBXFileReference; lastKnownFileType = sourcecode.c.h; path = SXModuleDelegate.h; sourceTree = "<group>"; };
		7A2A3791175F4EC900B6C814 /* SXScannerDelegate.h */ = {isa = PBXFileReference; lastKnownFileType = sourcecode.c.h; path = SXScannerDelegate.h; sourceTree = "<group>"; };
		7A2A79221758C02E0017F7E0 /* SXScanner.h */ = {isa = PBXFileReference; fileEncoding = 4; lastKnownFileType = sourcecode.c.h; path = SXScanner.h; sourceTree = "<group>"; };
		7A2A79231758C02E0017F7E0 /* SXScanner.m */ = {isa = PBXFileReference; fileEncoding = 4; lastKnownFileType = sourcecode.c.objc; path = SXScanner.m; sourceTree = "<group>"; };
		7A2A79261758C0680017F7E0 /* SXEvaluation.h */ = {isa = PBXFileReference; fileEncoding = 4; lastKnownFileType = sourcecode.c.h; path = SXEvaluation.h; sourceTree = "<group>"; };
		7A2A79271758C0680017F7E0 /* SXEvaluation.m */ = {isa = PBXFileReference; fileEncoding = 4; lastKnownFileType = sourcecode.c.objc; path = SXEvaluation.m; sourceTree = "<group>"; };
		7A2A792A1758C0780017F7E0 /* SXMetric.h */ = {isa = PBXFileReference; fileEncoding = 4; lastKnownFileType = sourcecode.c.h; path = SXMetric.h; sourceTree = "<group>"; };
		7A2A792B1758C0780017F7E0 /* SXMetric.m */ = {isa = PBXFileReference; fileEncoding = 4; lastKnownFileType = sourcecode.c.objc; path = SXMetric.m; sourceTree = "<group>"; };
		7A2A792E1758C3E50017F7E0 /* SXModule.h */ = {isa = PBXFileReference; lastKnownFileType = sourcecode.c.h; path = SXModule.h; sourceTree = "<group>"; };
		7A2A79341758EB760017F7E0 /* _DDFunctionContainer.h */ = {isa = PBXFileReference; fileEncoding = 4; lastKnownFileType = sourcecode.c.h; path = _DDFunctionContainer.h; sourceTree = "<group>"; };
		7A2A79351758EB760017F7E0 /* _DDFunctionContainer.m */ = {isa = PBXFileReference; fileEncoding = 4; lastKnownFileType = sourcecode.c.objc; path = _DDFunctionContainer.m; sourceTree = "<group>"; };
		7A2A79361758EB760017F7E0 /* _DDFunctionExpression.h */ = {isa = PBXFileReference; fileEncoding = 4; lastKnownFileType = sourcecode.c.h; path = _DDFunctionExpression.h; sourceTree = "<group>"; };
		7A2A79371758EB760017F7E0 /* _DDFunctionExpression.m */ = {isa = PBXFileReference; fileEncoding = 4; lastKnownFileType = sourcecode.c.objc; path = _DDFunctionExpression.m; sourceTree = "<group>"; };
		7A2A79381758EB760017F7E0 /* _DDFunctionTerm.h */ = {isa = PBXFileReference; fileEncoding = 4; lastKnownFileType = sourcecode.c.h; path = _DDFunctionTerm.h; sourceTree = "<group>"; };
		7A2A79391758EB760017F7E0 /* _DDFunctionTerm.m */ = {isa = PBXFileReference; fileEncoding = 4; lastKnownFileType = sourcecode.c.objc; path = _DDFunctionTerm.m; sourceTree = "<group>"; };
		7A2A793A1758EB760017F7E0 /* _DDFunctionUtilities.h */ = {isa = PBXFileReference; fileEncoding = 4; lastKnownFileType = sourcecode.c.h; path = _DDFunctionUtilities.h; sourceTree = "<group>"; };
		7A2A793B1758EB760017F7E0 /* _DDFunctionUtilities.m */ = {isa = PBXFileReference; fileEncoding = 4; lastKnownFileType = sourcecode.c.objc; path = _DDFunctionUtilities.m; sourceTree = "<group>"; };
		7A2A793C1758EB760017F7E0 /* _DDGroupTerm.h */ = {isa = PBXFileReference; fileEncoding = 4; lastKnownFileType = sourcecode.c.h; path = _DDGroupTerm.h; sourceTree = "<group>"; };
		7A2A793D1758EB760017F7E0 /* _DDGroupTerm.m */ = {isa = PBXFileReference; fileEncoding = 4; lastKnownFileType = sourcecode.c.objc; path = _DDGroupTerm.m; sourceTree = "<group>"; };
		7A2A793E1758EB760017F7E0 /* _DDNumberExpression.h */ = {isa = PBXFileReference; fileEncoding = 4; lastKnownFileType = sourcecode.c.h; path = _DDNumberExpression.h; sourceTree = "<group>"; };
		7A2A793F1758EB760017F7E0 /* _DDNumberExpression.m */ = {isa = PBXFileReference; fileEncoding = 4; lastKnownFileType = sourcecode.c.objc; path = _DDNumberExpression.m; sourceTree = "<group>"; };
		7A2A79401758EB760017F7E0 /* _DDNumberTerm.h */ = {isa = PBXFileReference; fileEncoding = 4; lastKnownFileType = sourcecode.c.h; path = _DDNumberTerm.h; sourceTree = "<group>"; };
		7A2A79411758EB760017F7E0 /* _DDNumberTerm.m */ = {isa = PBXFileReference; fileEncoding = 4; lastKnownFileType = sourcecode.c.objc; path = _DDNumberTerm.m; sourceTree = "<group>"; };
		7A2A79421758EB760017F7E0 /* _DDOperatorInfo.h */ = {isa = PBXFileReference; fileEncoding = 4; lastKnownFileType = sourcecode.c.h; path = _DDOperatorInfo.h; sourceTree = "<group>"; };
		7A2A79431758EB760017F7E0 /* _DDOperatorInfo.m */ = {isa = PBXFileReference; fileEncoding = 4; lastKnownFileType = sourcecode.c.objc; path = _DDOperatorInfo.m; sourceTree = "<group>"; };
		7A2A79441758EB760017F7E0 /* _DDOperatorTerm.h */ = {isa = PBXFileReference; fileEncoding = 4; lastKnownFileType = sourcecode.c.h; path = _DDOperatorTerm.h; sourceTree = "<group>"; };
		7A2A79451758EB760017F7E0 /* _DDOperatorTerm.m */ = {isa = PBXFileReference; fileEncoding = 4; lastKnownFileType = sourcecode.c.objc; path = _DDOperatorTerm.m; sourceTree = "<group>"; };
		7A2A79461758EB760017F7E0 /* _DDParserTerm.h */ = {isa = PBXFileReference; fileEncoding = 4; lastKnownFileType = sourcecode.c.h; path = _DDParserTerm.h; sourceTree = "<group>"; };
		7A2A79471758EB760017F7E0 /* _DDParserTerm.m */ = {isa = PBXFileReference; fileEncoding = 4; lastKnownFileType = sourcecode.c.objc; path = _DDParserTerm.m; sourceTree = "<group>"; };
		7A2A79481758EB760017F7E0 /* _DDRewriteRule.h */ = {isa = PBXFileReference; fileEncoding = 4; lastKnownFileType = sourcecode.c.h; path = _DDRewriteRule.h; sourceTree = "<group>"; };
		7A2A79491758EB760017F7E0 /* _DDRewriteRule.m */ = {isa = PBXFileReference; fileEncoding = 4; lastKnownFileType = sourcecode.c.objc; path = _DDRewriteRule.m; sourceTree = "<group>"; };
		7A2A794A1758EB760017F7E0 /* _DDVariableExpression.h */ = {isa = PBXFileReference; fileEncoding = 4; lastKnownFileType = sourcecode.c.h; path = _DDVariableExpression.h; sourceTree = "<group>"; };
		7A2A794B1758EB760017F7E0 /* _DDVariableExpression.m */ = {isa = PBXFileReference; fileEncoding = 4; lastKnownFileType = sourcecode.c.objc; path = _DDVariableExpression.m; sourceTree = "<group>"; };
		7A2A794C1758EB760017F7E0 /* _DDVariableTerm.h */ = {isa = PBXFileReference; fileEncoding = 4; lastKnownFileType = sourcecode.c.h; path = _DDVariableTerm.h; sourceTree = "<group>"; };
		7A2A794D1758EB760017F7E0 /* _DDVariableTerm.m */ = {isa = PBXFileReference; fileEncoding = 4; lastKnownFileType = sourcecode.c.objc; path = _DDVariableTerm.m; sourceTree = "<group>"; };
		7A2A794E1758EB760017F7E0 /* DDExpression.h */ = {isa = PBXFileReference; fileEncoding = 4; lastKnownFileType = sourcecode.c.h; path = DDExpression.h; sourceTree = "<group>"; };
		7A2A794F1758EB760017F7E0 /* DDExpression.m */ = {isa = PBXFileReference; fileEncoding = 4; lastKnownFileType = sourcecode.c.objc; path = DDExpression.m; sourceTree = "<group>"; };
		7A2A79501758EB760017F7E0 /* DDMathEvaluator+Private.h */ = {isa = PBXFileReference; fileEncoding = 4; lastKnownFileType = sourcecode.c.h; path = "DDMathEvaluator+Private.h"; sourceTree = "<group>"; };
		7A2A79511758EB760017F7E0 /* DDMathEvaluator.h */ = {isa = PBXFileReference; fileEncoding = 4; lastKnownFileType = sourcecode.c.h; path = DDMathEvaluator.h; sourceTree = "<group>"; };
		7A2A79521758EB760017F7E0 /* DDMathEvaluator.m */ = {isa = PBXFileReference; fileEncoding = 4; lastKnownFileType = sourcecode.c.objc; path = DDMathEvaluator.m; sourceTree = "<group>"; };
		7A2A79531758EB760017F7E0 /* DDMathParser.h */ = {isa = PBXFileReference; fileEncoding = 4; lastKnownFileType = sourcecode.c.h; path = DDMathParser.h; sourceTree = "<group>"; };
		7A2A79541758EB760017F7E0 /* DDMathParserMacros.h */ = {isa = PBXFileReference; fileEncoding = 4; lastKnownFileType = sourcecode.c.h; path = DDMathParserMacros.h; sourceTree = "<group>"; };
		7A2A79551758EB760017F7E0 /* DDMathStringToken.h */ = {isa = PBXFileReference; fileEncoding = 4; lastKnownFileType = sourcecode.c.h; path = DDMathStringToken.h; sourceTree = "<group>"; };
		7A2A79561758EB760017F7E0 /* DDMathStringToken.m */ = {isa = PBXFileReference; fileEncoding = 4; lastKnownFileType = sourcecode.c.objc; path = DDMathStringToken.m; sourceTree = "<group>"; };
		7A2A79571758EB760017F7E0 /* DDMathStringTokenizer.h */ = {isa = PBXFileReference; fileEncoding = 4; lastKnownFileType = sourcecode.c.h; path = DDMathStringTokenizer.h; sourceTree = "<group>"; };
		7A2A79581758EB760017F7E0 /* DDMathStringTokenizer.m */ = {isa = PBXFileReference; fileEncoding = 4; lastKnownFileType = sourcecode.c.objc; path = DDMathStringTokenizer.m; sourceTree = "<group>"; };
		7A2A79591758EB760017F7E0 /* DDParser.h */ = {isa = PBXFileReference; fileEncoding = 4; lastKnownFileType = sourcecode.c.h; path = DDParser.h; sourceTree = "<group>"; };
		7A2A795A1758EB760017F7E0 /* DDParser.m */ = {isa = PBXFileReference; fileEncoding = 4; lastKnownFileType = sourcecode.c.objc; path = DDParser.m; sourceTree = "<group>"; };
		7A2A795B1758EB760017F7E0 /* DDParserTypes.h */ = {isa = PBXFileReference; fileEncoding = 4; lastKnownFileType = sourcecode.c.h; path = DDParserTypes.h; sourceTree = "<group>"; };
		7A2A795C1758EB760017F7E0 /* DDParserTypes.m */ = {isa = PBXFileReference; fileEncoding = 4; lastKnownFileType = sourcecode.c.objc; path = DDParserTypes.m; sourceTree = "<group>"; };
		7A2A795D1758EB760017F7E0 /* DDTypes.h */ = {isa = PBXFileReference; fileEncoding = 4; lastKnownFileType = sourcecode.c.h; path = DDTypes.h; sourceTree = "<group>"; };
		7A2A795E1758EB760017F7E0 /* DDTypes.m */ = {isa = PBXFileReference; fileEncoding = 4; lastKnownFileType = sourcecode.c.objc; path = DDTypes.m; sourceTree = "<group>"; };
		7A2A795F1758EB760017F7E0 /* NSString+DDMathParsing.h */ = {isa = PBXFileReference; fileEncoding = 4; lastKnownFileType = sourcecode.c.h; path = "NSString+DDMathParsing.h"; sourceTree = "<group>"; };
		7A2A79601758EB760017F7E0 /* NSString+DDMathParsing.m */ = {isa = PBXFileReference; fileEncoding = 4; lastKnownFileType = sourcecode.c.objc; path = "NSString+DDMathParsing.m"; sourceTree = "<group>"; };
		7A33B83D176A010800ED82DB /* SXEvaluationDelegate.h */ = {isa = PBXFileReference; lastKnownFileType = sourcecode.c.h; path = SXEvaluationDelegate.h; sourceTree = "<group>"; };
		7A9EE51216E76194004770AA /* ScanX.framework */ = {isa = PBXFileReference; explicitFileType = wrapper.framework; includeInIndex = 0; path = ScanX.framework; sourceTree = BUILT_PRODUCTS_DIR; };
		7A9EE51516E76194004770AA /* Cocoa.framework */ = {isa = PBXFileReference; lastKnownFileType = wrapper.framework; name = Cocoa.framework; path = System/Library/Frameworks/Cocoa.framework; sourceTree = SDKROOT; };
		7A9EE51816E76194004770AA /* AppKit.framework */ = {isa = PBXFileReference; lastKnownFileType = wrapper.framework; name = AppKit.framework; path = System/Library/Frameworks/AppKit.framework; sourceTree = SDKROOT; };
		7A9EE51916E76194004770AA /* CoreData.framework */ = {isa = PBXFileReference; lastKnownFileType = wrapper.framework; name = CoreData.framework; path = System/Library/Frameworks/CoreData.framework; sourceTree = SDKROOT; };
		7A9EE51A16E76194004770AA /* Foundation.framework */ = {isa = PBXFileReference; lastKnownFileType = wrapper.framework; name = Foundation.framework; path = System/Library/Frameworks/Foundation.framework; sourceTree = SDKROOT; };
		7A9EE51D16E76194004770AA /* ScanX-Info.plist */ = {isa = PBXFileReference; lastKnownFileType = text.plist.xml; path = "ScanX-Info.plist"; sourceTree = "<group>"; };
		7A9EE51F16E76194004770AA /* en */ = {isa = PBXFileReference; lastKnownFileType = text.plist.strings; name = en; path = en.lproj/InfoPlist.strings; sourceTree = "<group>"; };
		7A9EE52116E76194004770AA /* ScanX-Prefix.pch */ = {isa = PBXFileReference; lastKnownFileType = sourcecode.c.h; path = "ScanX-Prefix.pch"; sourceTree = "<group>"; };
/* End PBXFileReference section */

/* Begin PBXFrameworksBuildPhase section */
		7A9EE50E16E76194004770AA /* Frameworks */ = {
			isa = PBXFrameworksBuildPhase;
			buildActionMask = 2147483647;
			files = (
				7A9EE51616E76194004770AA /* Cocoa.framework in Frameworks */,
			);
			runOnlyForDeploymentPostprocessing = 0;
		};
/* End PBXFrameworksBuildPhase section */

/* Begin PBXGroup section */
		7A2A79331758EB760017F7E0 /* DDMathParser */ = {
			isa = PBXGroup;
			children = (
				7A2A79341758EB760017F7E0 /* _DDFunctionContainer.h */,
				7A2A79351758EB760017F7E0 /* _DDFunctionContainer.m */,
				7A2A79361758EB760017F7E0 /* _DDFunctionExpression.h */,
				7A2A79371758EB760017F7E0 /* _DDFunctionExpression.m */,
				7A2A79381758EB760017F7E0 /* _DDFunctionTerm.h */,
				7A2A79391758EB760017F7E0 /* _DDFunctionTerm.m */,
				7A2A793A1758EB760017F7E0 /* _DDFunctionUtilities.h */,
				7A2A793B1758EB760017F7E0 /* _DDFunctionUtilities.m */,
				7A2A793C1758EB760017F7E0 /* _DDGroupTerm.h */,
				7A2A793D1758EB760017F7E0 /* _DDGroupTerm.m */,
				7A2A793E1758EB760017F7E0 /* _DDNumberExpression.h */,
				7A2A793F1758EB760017F7E0 /* _DDNumberExpression.m */,
				7A2A79401758EB760017F7E0 /* _DDNumberTerm.h */,
				7A2A79411758EB760017F7E0 /* _DDNumberTerm.m */,
				7A2A79421758EB760017F7E0 /* _DDOperatorInfo.h */,
				7A2A79431758EB760017F7E0 /* _DDOperatorInfo.m */,
				7A2A79441758EB760017F7E0 /* _DDOperatorTerm.h */,
				7A2A79451758EB760017F7E0 /* _DDOperatorTerm.m */,
				7A2A79461758EB760017F7E0 /* _DDParserTerm.h */,
				7A2A79471758EB760017F7E0 /* _DDParserTerm.m */,
				7A2A79481758EB760017F7E0 /* _DDRewriteRule.h */,
				7A2A79491758EB760017F7E0 /* _DDRewriteRule.m */,
				7A2A794A1758EB760017F7E0 /* _DDVariableExpression.h */,
				7A2A794B1758EB760017F7E0 /* _DDVariableExpression.m */,
				7A2A794C1758EB760017F7E0 /* _DDVariableTerm.h */,
				7A2A794D1758EB760017F7E0 /* _DDVariableTerm.m */,
				7A2A794E1758EB760017F7E0 /* DDExpression.h */,
				7A2A794F1758EB760017F7E0 /* DDExpression.m */,
				7A2A79501758EB760017F7E0 /* DDMathEvaluator+Private.h */,
				7A2A79511758EB760017F7E0 /* DDMathEvaluator.h */,
				7A2A79521758EB760017F7E0 /* DDMathEvaluator.m */,
				7A2A79531758EB760017F7E0 /* DDMathParser.h */,
				7A2A79541758EB760017F7E0 /* DDMathParserMacros.h */,
				7A2A79551758EB760017F7E0 /* DDMathStringToken.h */,
				7A2A79561758EB760017F7E0 /* DDMathStringToken.m */,
				7A2A79571758EB760017F7E0 /* DDMathStringTokenizer.h */,
				7A2A79581758EB760017F7E0 /* DDMathStringTokenizer.m */,
				7A2A79591758EB760017F7E0 /* DDParser.h */,
				7A2A795A1758EB760017F7E0 /* DDParser.m */,
				7A2A795B1758EB760017F7E0 /* DDParserTypes.h */,
				7A2A795C1758EB760017F7E0 /* DDParserTypes.m */,
				7A2A795D1758EB760017F7E0 /* DDTypes.h */,
				7A2A795E1758EB760017F7E0 /* DDTypes.m */,
				7A2A795F1758EB760017F7E0 /* NSString+DDMathParsing.h */,
				7A2A79601758EB760017F7E0 /* NSString+DDMathParsing.m */,
			);
			path = DDMathParser;
			sourceTree = "<group>";
		};
		7A9EE50616E76194004770AA = {
			isa = PBXGroup;
			children = (
				7A9EE51B16E76194004770AA /* ScanX */,
				7A9EE51416E76194004770AA /* Frameworks */,
				7A9EE51316E76194004770AA /* Products */,
			);
			sourceTree = "<group>";
		};
		7A9EE51316E76194004770AA /* Products */ = {
			isa = PBXGroup;
			children = (
				7A9EE51216E76194004770AA /* ScanX.framework */,
			);
			name = Products;
			sourceTree = "<group>";
		};
		7A9EE51416E76194004770AA /* Frameworks */ = {
			isa = PBXGroup;
			children = (
				7A9EE51516E76194004770AA /* Cocoa.framework */,
				7A9EE51716E76194004770AA /* Other Frameworks */,
			);
			name = Frameworks;
			sourceTree = "<group>";
		};
		7A9EE51716E76194004770AA /* Other Frameworks */ = {
			isa = PBXGroup;
			children = (
				7A9EE51816E76194004770AA /* AppKit.framework */,
				7A9EE51916E76194004770AA /* CoreData.framework */,
				7A9EE51A16E76194004770AA /* Foundation.framework */,
			);
			name = "Other Frameworks";
			sourceTree = "<group>";
		};
		7A9EE51B16E76194004770AA /* ScanX */ = {
			isa = PBXGroup;
			children = (
				7A2A79331758EB760017F7E0 /* DDMathParser */,
				7A2A79221758C02E0017F7E0 /* SXScanner.h */,
				7A2A79231758C02E0017F7E0 /* SXScanner.m */,
				7A2A3791175F4EC900B6C814 /* SXScannerDelegate.h */,
				7A2A79261758C0680017F7E0 /* SXEvaluation.h */,
				7A2A79271758C0680017F7E0 /* SXEvaluation.m */,
				7A33B83D176A010800ED82DB /* SXEvaluationDelegate.h */,
				7A2A792A1758C0780017F7E0 /* SXMetric.h */,
				7A2A792B1758C0780017F7E0 /* SXMetric.m */,
				7A2A792E1758C3E50017F7E0 /* SXModule.h */,
				7A2A378F175F4E9400B6C814 /* SXModuleDelegate.h */,
				7A9EE51C16E76194004770AA /* Supporting Files */,
			);
			path = ScanX;
			sourceTree = "<group>";
		};
		7A9EE51C16E76194004770AA /* Supporting Files */ = {
			isa = PBXGroup;
			children = (
				7A9EE51D16E76194004770AA /* ScanX-Info.plist */,
				7A9EE51E16E76194004770AA /* InfoPlist.strings */,
				7A9EE52116E76194004770AA /* ScanX-Prefix.pch */,
			);
			name = "Supporting Files";
			sourceTree = "<group>";
		};
/* End PBXGroup section */

/* Begin PBXHeadersBuildPhase section */
		7A9EE50F16E76194004770AA /* Headers */ = {
			isa = PBXHeadersBuildPhase;
			buildActionMask = 2147483647;
			files = (
				7A2A79241758C02E0017F7E0 /* SXScanner.h in Headers */,
				7A6583D8176F3137005C45BD /* SXScannerDelegate.h in Headers */,
				7A2A79281758C0680017F7E0 /* SXEvaluation.h in Headers */,
				7A6583D9176F3150005C45BD /* SXEvaluationDelegate.h in Headers */,
				7A2A792C1758C0780017F7E0 /* SXMetric.h in Headers */,
				7A6583D6176F3112005C45BD /* SXModule.h in Headers */,
				7A6583DA176F3156005C45BD /* SXModuleDelegate.h in Headers */,
				7A2A79801758EB760017F7E0 /* DDMathParser.h in Headers */,
				7A2A797B1758EB760017F7E0 /* DDExpression.h in Headers */,
				7A2A797D1758EB760017F7E0 /* DDMathEvaluator+Private.h in Headers */,
				7A2A797E1758EB760017F7E0 /* DDMathEvaluator.h in Headers */,
				7A2A79811758EB760017F7E0 /* DDMathParserMacros.h in Headers */,
				7A2A79821758EB760017F7E0 /* DDMathStringToken.h in Headers */,
				7A2A79841758EB760017F7E0 /* DDMathStringTokenizer.h in Headers */,
				7A2A79861758EB760017F7E0 /* DDParser.h in Headers */,
				7A2A79611758EB760017F7E0 /* _DDFunctionContainer.h in Headers */,
				7A2A79631758EB760017F7E0 /* _DDFunctionExpression.h in Headers */,
				7A2A79651758EB760017F7E0 /* _DDFunctionTerm.h in Headers */,
				7A2A79671758EB760017F7E0 /* _DDFunctionUtilities.h in Headers */,
				7A2A79691758EB760017F7E0 /* _DDGroupTerm.h in Headers */,
				7A2A796B1758EB760017F7E0 /* _DDNumberExpression.h in Headers */,
				7A2A796D1758EB760017F7E0 /* _DDNumberTerm.h in Headers */,
				7A2A796F1758EB760017F7E0 /* _DDOperatorInfo.h in Headers */,
				7A2A79711758EB760017F7E0 /* _DDOperatorTerm.h in Headers */,
				7A2A79731758EB760017F7E0 /* _DDParserTerm.h in Headers */,
				7A2A79751758EB760017F7E0 /* _DDRewriteRule.h in Headers */,
				7A2A79771758EB760017F7E0 /* _DDVariableExpression.h in Headers */,
				7A2A79791758EB760017F7E0 /* _DDVariableTerm.h in Headers */,
				7A2A79881758EB760017F7E0 /* DDParserTypes.h in Headers */,
				7A2A798A1758EB760017F7E0 /* DDTypes.h in Headers */,
				7A2A798C1758EB760017F7E0 /* NSString+DDMathParsing.h in Headers */,
			);
			runOnlyForDeploymentPostprocessing = 0;
		};
/* End PBXHeadersBuildPhase section */

/* Begin PBXNativeTarget section */
		7A9EE51116E76194004770AA /* ScanX */ = {
			isa = PBXNativeTarget;
			buildConfigurationList = 7A9EE52716E76194004770AA /* Build configuration list for PBXNativeTarget "ScanX" */;
			buildPhases = (
				7A9EE50D16E76194004770AA /* Sources */,
				7A9EE50E16E76194004770AA /* Frameworks */,
				7A9EE50F16E76194004770AA /* Headers */,
				7A9EE51016E76194004770AA /* Resources */,
			);
			buildRules = (
			);
			dependencies = (
			);
			name = ScanX;
			productName = ScanX;
			productReference = 7A9EE51216E76194004770AA /* ScanX.framework */;
			productType = "com.apple.product-type.framework";
		};
/* End PBXNativeTarget section */

/* Begin PBXProject section */
		7A9EE50816E76194004770AA /* Project object */ = {
			isa = PBXProject;
			attributes = {
				LastUpgradeCheck = 0450;
				ORGANIZATIONNAME = "Alessio Maffeis";
			};
			buildConfigurationList = 7A9EE50B16E76194004770AA /* Build configuration list for PBXProject "ScanX" */;
			compatibilityVersion = "Xcode 3.2";
			developmentRegion = English;
			hasScannedForEncodings = 0;
			knownRegions = (
				en,
			);
			mainGroup = 7A9EE50616E76194004770AA;
			productRefGroup = 7A9EE51316E76194004770AA /* Products */;
			projectDirPath = "";
			projectRoot = "";
			targets = (
				7A9EE51116E76194004770AA /* ScanX */,
			);
		};
/* End PBXProject section */

/* Begin PBXResourcesBuildPhase section */
		7A9EE51016E76194004770AA /* Resources */ = {
			isa = PBXResourcesBuildPhase;
			buildActionMask = 2147483647;
			files = (
				7A9EE52016E76194004770AA /* InfoPlist.strings in Resources */,
			);
			runOnlyForDeploymentPostprocessing = 0;
		};
/* End PBXResourcesBuildPhase section */

/* Begin PBXSourcesBuildPhase section */
		7A9EE50D16E76194004770AA /* Sources */ = {
			isa = PBXSourcesBuildPhase;
			buildActionMask = 2147483647;
			files = (
				7A2A79251758C02E0017F7E0 /* SXScanner.m in Sources */,
				7A2A79291758C0680017F7E0 /* SXEvaluation.m in Sources */,
				7A2A792D1758C0780017F7E0 /* SXMetric.m in Sources */,
				7A2A79621758EB760017F7E0 /* _DDFunctionContainer.m in Sources */,
				7A2A79641758EB760017F7E0 /* _DDFunctionExpression.m in Sources */,
				7A2A79661758EB760017F7E0 /* _DDFunctionTerm.m in Sources */,
				7A2A79681758EB760017F7E0 /* _DDFunctionUtilities.m in Sources */,
				7A2A796A1758EB760017F7E0 /* _DDGroupTerm.m in Sources */,
				7A2A796C1758EB760017F7E0 /* _DDNumberExpression.m in Sources */,
				7A2A796E1758EB760017F7E0 /* _DDNumberTerm.m in Sources */,
				7A2A79701758EB760017F7E0 /* _DDOperatorInfo.m in Sources */,
				7A2A79721758EB760017F7E0 /* _DDOperatorTerm.m in Sources */,
				7A2A79741758EB760017F7E0 /* _DDParserTerm.m in Sources */,
				7A2A79761758EB760017F7E0 /* _DDRewriteRule.m in Sources */,
				7A2A79781758EB760017F7E0 /* _DDVariableExpression.m in Sources */,
				7A2A797A1758EB760017F7E0 /* _DDVariableTerm.m in Sources */,
				7A2A797C1758EB760017F7E0 /* DDExpression.m in Sources */,
				7A2A797F1758EB760017F7E0 /* DDMathEvaluator.m in Sources */,
				7A2A79831758EB760017F7E0 /* DDMathStringToken.m in Sources */,
				7A2A79851758EB760017F7E0 /* DDMathStringTokenizer.m in Sources */,
				7A2A79871758EB760017F7E0 /* DDParser.m in Sources */,
				7A2A79891758EB760017F7E0 /* DDParserTypes.m in Sources */,
				7A2A798B1758EB760017F7E0 /* DDTypes.m in Sources */,
				7A2A798D1758EB760017F7E0 /* NSString+DDMathParsing.m in Sources */,
			);
			runOnlyForDeploymentPostprocessing = 0;
		};
/* End PBXSourcesBuildPhase section */

/* Begin PBXVariantGroup section */
		7A9EE51E16E76194004770AA /* InfoPlist.strings */ = {
			isa = PBXVariantGroup;
			children = (
				7A9EE51F16E76194004770AA /* en */,
			);
			name = InfoPlist.strings;
			sourceTree = "<group>";
		};
/* End PBXVariantGroup section */

/* Begin XCBuildConfiguration section */
		7A9EE52516E76194004770AA /* Debug */ = {
			isa = XCBuildConfiguration;
			buildSettings = {
				ALWAYS_SEARCH_USER_PATHS = NO;
				ARCHS = "$(ARCHS_STANDARD_64_BIT)";
				CLANG_CXX_LANGUAGE_STANDARD = "gnu++0x";
				CLANG_CXX_LIBRARY = "libc++";
				CLANG_WARN_EMPTY_BODY = YES;
				CLANG_WARN__DUPLICATE_METHOD_MATCH = YES;
				COPY_PHASE_STRIP = NO;
				GCC_C_LANGUAGE_STANDARD = gnu99;
				GCC_DYNAMIC_NO_PIC = NO;
				GCC_ENABLE_OBJC_EXCEPTIONS = YES;
				GCC_OPTIMIZATION_LEVEL = 0;
				GCC_PREPROCESSOR_DEFINITIONS = (
					"DEBUG=1",
					"$(inherited)",
				);
				GCC_SYMBOLS_PRIVATE_EXTERN = NO;
				GCC_WARN_64_TO_32_BIT_CONVERSION = YES;
				GCC_WARN_ABOUT_RETURN_TYPE = YES;
				GCC_WARN_UNINITIALIZED_AUTOS = YES;
				GCC_WARN_UNUSED_VARIABLE = YES;
				MACOSX_DEPLOYMENT_TARGET = 10.8;
				ONLY_ACTIVE_ARCH = YES;
				SDKROOT = macosx;
				SYMROOT = "$(PROJECT_DIR)/build";
			};
			name = Debug;
		};
		7A9EE52616E76194004770AA /* Release */ = {
			isa = XCBuildConfiguration;
			buildSettings = {
				ALWAYS_SEARCH_USER_PATHS = NO;
				ARCHS = "$(ARCHS_STANDARD_64_BIT)";
				CLANG_CXX_LANGUAGE_STANDARD = "gnu++0x";
				CLANG_CXX_LIBRARY = "libc++";
				CLANG_WARN_EMPTY_BODY = YES;
				CLANG_WARN__DUPLICATE_METHOD_MATCH = YES;
				COPY_PHASE_STRIP = YES;
				DEBUG_INFORMATION_FORMAT = "dwarf-with-dsym";
				GCC_C_LANGUAGE_STANDARD = gnu99;
				GCC_ENABLE_OBJC_EXCEPTIONS = YES;
				GCC_WARN_64_TO_32_BIT_CONVERSION = YES;
				GCC_WARN_ABOUT_RETURN_TYPE = YES;
				GCC_WARN_UNINITIALIZED_AUTOS = YES;
				GCC_WARN_UNUSED_VARIABLE = YES;
				MACOSX_DEPLOYMENT_TARGET = 10.8;
				SDKROOT = macosx;
				SYMROOT = "$(PROJECT_DIR)/build";
			};
			name = Release;
		};
		7A9EE52816E76194004770AA /* Debug */ = {
			isa = XCBuildConfiguration;
			buildSettings = {
				COMBINE_HIDPI_IMAGES = YES;
				DYLIB_COMPATIBILITY_VERSION = 1;
				DYLIB_CURRENT_VERSION = 1;
				FRAMEWORK_VERSION = A;
				GCC_PRECOMPILE_PREFIX_HEADER = YES;
				GCC_PREFIX_HEADER = "ScanX/ScanX-Prefix.pch";
				INFOPLIST_FILE = "ScanX/ScanX-Info.plist";
				INSTALL_PATH = "@executable_path/../Frameworks";
				PRODUCT_NAME = "$(TARGET_NAME)";
				WRAPPER_EXTENSION = framework;
			};
			name = Debug;
		};
		7A9EE52916E76194004770AA /* Release */ = {
			isa = XCBuildConfiguration;
			buildSettings = {
				COMBINE_HIDPI_IMAGES = YES;
				DYLIB_COMPATIBILITY_VERSION = 1;
				DYLIB_CURRENT_VERSION = 1;
				FRAMEWORK_VERSION = A;
				GCC_PRECOMPILE_PREFIX_HEADER = YES;
				GCC_PREFIX_HEADER = "ScanX/ScanX-Prefix.pch";
				INFOPLIST_FILE = "ScanX/ScanX-Info.plist";
				INSTALL_PATH = "@executable_path/../Frameworks";
				PRODUCT_NAME = "$(TARGET_NAME)";
				WRAPPER_EXTENSION = framework;
			};
			name = Release;
		};
/* End XCBuildConfiguration section */

/* Begin XCConfigurationList section */
		7A9EE50B16E76194004770AA /* Build configuration list for PBXProject "ScanX" */ = {
			isa = XCConfigurationList;
			buildConfigurations = (
				7A9EE52516E76194004770AA /* Debug */,
				7A9EE52616E76194004770AA /* Release */,
			);
			defaultConfigurationIsVisible = 0;
			defaultConfigurationName = Release;
		};
		7A9EE52716E76194004770AA /* Build configuration list for PBXNativeTarget "ScanX" */ = {
			isa = XCConfigurationList;
			buildConfigurations = (
				7A9EE52816E76194004770AA /* Debug */,
				7A9EE52916E76194004770AA /* Release */,
			);
			defaultConfigurationIsVisible = 0;
			defaultConfigurationName = Release;
		};
/* End XCConfigurationList section */
	};
	rootObject = 7A9EE50816E76194004770AA /* Project object */;
}
